Microsoft Visual Studio Solution File, Format Version 12.00
# Visual Studio Version 17
VisualStudioVersion = 17.5.2.0
MinimumVisualStudioVersion = 10.0.40219.1
Project("{FAE04EC0-301F-11D3-BF4B-00C04F79EFBC}") = "Projekt7Dna", "Projekt7Dna.csproj", "{DE801D0C-FEAB-CE44-FCAD-6C6A7774982C}"
EndProject
Global
	GlobalSection(SolutionConfigurationPlatforms) = preSolution
		Debug|Any CPU = Debug|Any CPU
		Release|Any CPU = Release|Any CPU
	EndGlobalSection
	GlobalSection(ProjectConfigurationPlatforms) = postSolution
		{DE801D0C-FEAB-CE44-FCAD-6C6A7774982C}.Debug|Any CPU.ActiveCfg = Debug|Any CPU
		{DE801D0C-FEAB-CE44-FCAD-6C6A7774982C}.Debug|Any CPU.Build.0 = Debug|Any CPU
		{DE801D0C-FEAB-CE44-FCAD-6C6A7774982C}.Release|Any CPU.ActiveCfg = Release|Any CPU
		{DE801D0C-FEAB-CE44-FCAD-6C6A7774982C}.Release|Any CPU.Build.0 = Release|Any CPU
	EndGlobalSection
	GlobalSection(SolutionProperties) = preSolution
		HideSolutionNode = FALSE
	EndGlobalSection
	GlobalSection(ExtensibilityGlobals) = postSolution
		SolutionGuid = {7D190D58-A9D1-479E-884B-C3948E7D54FF}
	EndGlobalSection
EndGlobal
